// !$*UTF8*$!
{
	archiveVersion = 1;
	classes = {
	};
	objectVersion = 56;
	objects = {

/* Begin PBXBuildFile section */
		9366805A2958F054009D8D6E /* AppDelegate.swift in Sources */ = {isa = PBXBuildFile; fileRef = 936680592958F054009D8D6E /* AppDelegate.swift */; };
		9366805C2958F054009D8D6E /* SceneDelegate.swift in Sources */ = {isa = PBXBuildFile; fileRef = 9366805B2958F054009D8D6E /* SceneDelegate.swift */; };
		9366805E2958F054009D8D6E /* ViewController.swift in Sources */ = {isa = PBXBuildFile; fileRef = 9366805D2958F054009D8D6E /* ViewController.swift */; };
		936680632958F056009D8D6E /* Assets.xcassets in Resources */ = {isa = PBXBuildFile; fileRef = 936680622958F056009D8D6E /* Assets.xcassets */; };
		9366806F2959E610009D8D6E /* DisplayTable.swift in Sources */ = {isa = PBXBuildFile; fileRef = 9366806E2959E610009D8D6E /* DisplayTable.swift */; };
		936680732959EE61009D8D6E /* Item.swift in Sources */ = {isa = PBXBuildFile; fileRef = 936680722959EE61009D8D6E /* Item.swift */; };
		936680752959F6AF009D8D6E /* ItemViewModel.swift in Sources */ = {isa = PBXBuildFile; fileRef = 936680742959F6AF009D8D6E /* ItemViewModel.swift */; };
		936680792959FDFB009D8D6E /* CustomCell.swift in Sources */ = {isa = PBXBuildFile; fileRef = 936680782959FDFB009D8D6E /* CustomCell.swift */; };
		9366807B295AC928009D8D6E /* DetailView.swift in Sources */ = {isa = PBXBuildFile; fileRef = 9366807A295AC928009D8D6E /* DetailView.swift */; };
		9366807D295B2F1F009D8D6E /* LabelFactory.swift in Sources */ = {isa = PBXBuildFile; fileRef = 9366807C295B2F1E009D8D6E /* LabelFactory.swift */; };
		93668080295DFB07009D8D6E /* Carousel.swift in Sources */ = {isa = PBXBuildFile; fileRef = 9366807F295DFB07009D8D6E /* Carousel.swift */; };
		93668083295E0054009D8D6E /* SDWebImage in Frameworks */ = {isa = PBXBuildFile; productRef = 93668082295E0054009D8D6E /* SDWebImage */; };
		93668085295E0077009D8D6E /* CarouselLayout.swift in Sources */ = {isa = PBXBuildFile; fileRef = 93668084295E0077009D8D6E /* CarouselLayout.swift */; };
		9366808729609E2C009D8D6E /* DisplayTableDelegate.swift in Sources */ = {isa = PBXBuildFile; fileRef = 9366808629609E2C009D8D6E /* DisplayTableDelegate.swift */; };
/* End PBXBuildFile section */

/* Begin PBXFileReference section */
		936680562958F054009D8D6E /* PruebaTecnicaBancoppel.app */ = {isa = PBXFileReference; explicitFileType = wrapper.application; includeInIndex = 0; path = PruebaTecnicaBancoppel.app; sourceTree = BUILT_PRODUCTS_DIR; };
		936680592958F054009D8D6E /* AppDelegate.swift */ = {isa = PBXFileReference; lastKnownFileType = sourcecode.swift; path = AppDelegate.swift; sourceTree = "<group>"; };
		9366805B2958F054009D8D6E /* SceneDelegate.swift */ = {isa = PBXFileReference; lastKnownFileType = sourcecode.swift; path = SceneDelegate.swift; sourceTree = "<group>"; };
		9366805D2958F054009D8D6E /* ViewController.swift */ = {isa = PBXFileReference; lastKnownFileType = sourcecode.swift; path = ViewController.swift; sourceTree = "<group>"; };
		936680622958F056009D8D6E /* Assets.xcassets */ = {isa = PBXFileReference; lastKnownFileType = folder.assetcatalog; path = Assets.xcassets; sourceTree = "<group>"; };
		936680672958F056009D8D6E /* Info.plist */ = {isa = PBXFileReference; lastKnownFileType = text.plist.xml; path = Info.plist; sourceTree = "<group>"; };
		9366806E2959E610009D8D6E /* DisplayTable.swift */ = {isa = PBXFileReference; lastKnownFileType = sourcecode.swift; path = DisplayTable.swift; sourceTree = "<group>"; };
		936680722959EE61009D8D6E /* Item.swift */ = {isa = PBXFileReference; lastKnownFileType = sourcecode.swift; path = Item.swift; sourceTree = "<group>"; };
		936680742959F6AF009D8D6E /* ItemViewModel.swift */ = {isa = PBXFileReference; lastKnownFileType = sourcecode.swift; path = ItemViewModel.swift; sourceTree = "<group>"; };
		936680782959FDFB009D8D6E /* CustomCell.swift */ = {isa = PBXFileReference; lastKnownFileType = sourcecode.swift; path = CustomCell.swift; sourceTree = "<group>"; };
		9366807A295AC928009D8D6E /* DetailView.swift */ = {isa = PBXFileReference; lastKnownFileType = sourcecode.swift; path = DetailView.swift; sourceTree = "<group>"; };
		9366807C295B2F1E009D8D6E /* LabelFactory.swift */ = {isa = PBXFileReference; lastKnownFileType = sourcecode.swift; path = LabelFactory.swift; sourceTree = "<group>"; };
		9366807F295DFB07009D8D6E /* Carousel.swift */ = {isa = PBXFileReference; lastKnownFileType = sourcecode.swift; path = Carousel.swift; sourceTree = "<group>"; };
		93668084295E0077009D8D6E /* CarouselLayout.swift */ = {isa = PBXFileReference; lastKnownFileType = sourcecode.swift; path = CarouselLayout.swift; sourceTree = "<group>"; };
		9366808629609E2C009D8D6E /* DisplayTableDelegate.swift */ = {isa = PBXFileReference; lastKnownFileType = sourcecode.swift; path = DisplayTableDelegate.swift; sourceTree = "<group>"; };
/* End PBXFileReference section */

/* Begin PBXFrameworksBuildPhase section */
		936680532958F054009D8D6E /* Frameworks */ = {
			isa = PBXFrameworksBuildPhase;
			buildActionMask = 2147483647;
			files = (
				93668083295E0054009D8D6E /* SDWebImage in Frameworks */,
			);
			runOnlyForDeploymentPostprocessing = 0;
		};
/* End PBXFrameworksBuildPhase section */

/* Begin PBXGroup section */
		9366804D2958F054009D8D6E = {
			isa = PBXGroup;
			children = (
				936680582958F054009D8D6E /* PruebaTecnicaBancoppel */,
				936680572958F054009D8D6E /* Products */,
			);
			sourceTree = "<group>";
		};
		936680572958F054009D8D6E /* Products */ = {
			isa = PBXGroup;
			children = (
				936680562958F054009D8D6E /* PruebaTecnicaBancoppel.app */,
			);
			name = Products;
			sourceTree = "<group>";
		};
		936680582958F054009D8D6E /* PruebaTecnicaBancoppel */ = {
			isa = PBXGroup;
			children = (
				936680712959EE44009D8D6E /* Model */,
				936680702959EE34009D8D6E /* ViewModel */,
				9366806D2959E5F2009D8D6E /* View */,
				936680592958F054009D8D6E /* AppDelegate.swift */,
				9366805B2958F054009D8D6E /* SceneDelegate.swift */,
				9366805D2958F054009D8D6E /* ViewController.swift */,
				936680622958F056009D8D6E /* Assets.xcassets */,
				936680672958F056009D8D6E /* Info.plist */,
			);
			path = PruebaTecnicaBancoppel;
			sourceTree = "<group>";
		};
		9366806D2959E5F2009D8D6E /* View */ = {
			isa = PBXGroup;
			children = (
				9366807E295DFAD4009D8D6E /* Carousel */,
				936680772959FDE4009D8D6E /* DetailView */,
				936680762959FDD4009D8D6E /* TableView */,
			);
			path = View;
			sourceTree = "<group>";
		};
		936680702959EE34009D8D6E /* ViewModel */ = {
			isa = PBXGroup;
			children = (
				936680742959F6AF009D8D6E /* ItemViewModel.swift */,
			);
			path = ViewModel;
			sourceTree = "<group>";
		};
		936680712959EE44009D8D6E /* Model */ = {
			isa = PBXGroup;
			children = (
				936680722959EE61009D8D6E /* Item.swift */,
				9366807C295B2F1E009D8D6E /* LabelFactory.swift */,
				9366808629609E2C009D8D6E /* DisplayTableDelegate.swift */,
			);
			path = Model;
			sourceTree = "<group>";
		};
		936680762959FDD4009D8D6E /* TableView */ = {
			isa = PBXGroup;
			children = (
				9366806E2959E610009D8D6E /* DisplayTable.swift */,
				936680782959FDFB009D8D6E /* CustomCell.swift */,
			);
			path = TableView;
			sourceTree = "<group>";
		};
		936680772959FDE4009D8D6E /* DetailView */ = {
			isa = PBXGroup;
			children = (
				9366807A295AC928009D8D6E /* DetailView.swift */,
			);
			path = DetailView;
			sourceTree = "<group>";
		};
		9366807E295DFAD4009D8D6E /* Carousel */ = {
			isa = PBXGroup;
			children = (
				9366807F295DFB07009D8D6E /* Carousel.swift */,
				93668084295E0077009D8D6E /* CarouselLayout.swift */,
			);
			path = Carousel;
			sourceTree = "<group>";
		};
/* End PBXGroup section */

/* Begin PBXNativeTarget section */
		936680552958F054009D8D6E /* PruebaTecnicaBancoppel */ = {
			isa = PBXNativeTarget;
			buildConfigurationList = 9366806A2958F056009D8D6E /* Build configuration list for PBXNativeTarget "PruebaTecnicaBancoppel" */;
			buildPhases = (
				936680522958F054009D8D6E /* Sources */,
				936680532958F054009D8D6E /* Frameworks */,
				936680542958F054009D8D6E /* Resources */,
			);
			buildRules = (
			);
			dependencies = (
			);
			name = PruebaTecnicaBancoppel;
			packageProductDependencies = (
				93668082295E0054009D8D6E /* SDWebImage */,
			);
			productName = PruebaTecnicaBancoppel;
			productReference = 936680562958F054009D8D6E /* PruebaTecnicaBancoppel.app */;
			productType = "com.apple.product-type.application";
		};
/* End PBXNativeTarget section */

/* Begin PBXProject section */
		9366804E2958F054009D8D6E /* Project object */ = {
			isa = PBXProject;
			attributes = {
				BuildIndependentTargetsInParallel = 1;
				LastSwiftUpdateCheck = 1420;
				LastUpgradeCheck = 1420;
				TargetAttributes = {
					936680552958F054009D8D6E = {
						CreatedOnToolsVersion = 14.2;
					};
				};
			};
			buildConfigurationList = 936680512958F054009D8D6E /* Build configuration list for PBXProject "PruebaTecnicaBancoppel" */;
			compatibilityVersion = "Xcode 14.0";
			developmentRegion = en;
			hasScannedForEncodings = 0;
			knownRegions = (
				en,
				Base,
			);
			mainGroup = 9366804D2958F054009D8D6E;
			packageReferences = (
				93668081295E0054009D8D6E /* XCRemoteSwiftPackageReference "SDWebImage" */,
			);
			productRefGroup = 936680572958F054009D8D6E /* Products */;
			projectDirPath = "";
			projectRoot = "";
			targets = (
				936680552958F054009D8D6E /* PruebaTecnicaBancoppel */,
			);
		};
/* End PBXProject section */

/* Begin PBXResourcesBuildPhase section */
		936680542958F054009D8D6E /* Resources */ = {
			isa = PBXResourcesBuildPhase;
			buildActionMask = 2147483647;
			files = (
				936680632958F056009D8D6E /* Assets.xcassets in Resources */,
			);
			runOnlyForDeploymentPostprocessing = 0;
		};
/* End PBXResourcesBuildPhase section */

/* Begin PBXSourcesBuildPhase section */
		936680522958F054009D8D6E /* Sources */ = {
			isa = PBXSourcesBuildPhase;
			buildActionMask = 2147483647;
			files = (
				936680732959EE61009D8D6E /* Item.swift in Sources */,
				9366807B295AC928009D8D6E /* DetailView.swift in Sources */,
				9366805E2958F054009D8D6E /* ViewController.swift in Sources */,
				93668080295DFB07009D8D6E /* Carousel.swift in Sources */,
				9366807D295B2F1F009D8D6E /* LabelFactory.swift in Sources */,
				936680752959F6AF009D8D6E /* ItemViewModel.swift in Sources */,
				9366808729609E2C009D8D6E /* DisplayTableDelegate.swift in Sources */,
				9366805A2958F054009D8D6E /* AppDelegate.swift in Sources */,
				9366805C2958F054009D8D6E /* SceneDelegate.swift in Sources */,
				936680792959FDFB009D8D6E /* CustomCell.swift in Sources */,
				93668085295E0077009D8D6E /* CarouselLayout.swift in Sources */,
				9366806F2959E610009D8D6E /* DisplayTable.swift in Sources */,
			);
			runOnlyForDeploymentPostprocessing = 0;
		};
/* End PBXSourcesBuildPhase section */

/* Begin XCBuildConfiguration section */
		936680682958F056009D8D6E /* Debug */ = {
			isa = XCBuildConfiguration;
			buildSettings = {
				ALWAYS_SEARCH_USER_PATHS = NO;
				CLANG_ANALYZER_NONNULL = YES;
				CLANG_ANALYZER_NUMBER_OBJECT_CONVERSION = YES_AGGRESSIVE;
				CLANG_CXX_LANGUAGE_STANDARD = "gnu++20";
				CLANG_ENABLE_MODULES = YES;
				CLANG_ENABLE_OBJC_ARC = YES;
				CLANG_ENABLE_OBJC_WEAK = YES;
				CLANG_WARN_BLOCK_CAPTURE_AUTORELEASING = YES;
				CLANG_WARN_BOOL_CONVERSION = YES;
				CLANG_WARN_COMMA = YES;
				CLANG_WARN_CONSTANT_CONVERSION = YES;
				CLANG_WARN_DEPRECATED_OBJC_IMPLEMENTATIONS = YES;
				CLANG_WARN_DIRECT_OBJC_ISA_USAGE = YES_ERROR;
				CLANG_WARN_DOCUMENTATION_COMMENTS = YES;
				CLANG_WARN_EMPTY_BODY = YES;
				CLANG_WARN_ENUM_CONVERSION = YES;
				CLANG_WARN_INFINITE_RECURSION = YES;
				CLANG_WARN_INT_CONVERSION = YES;
				CLANG_WARN_NON_LITERAL_NULL_CONVERSION = YES;
				CLANG_WARN_OBJC_IMPLICIT_RETAIN_SELF = YES;
				CLANG_WARN_OBJC_LITERAL_CONVERSION = YES;
				CLANG_WARN_OBJC_ROOT_CLASS = YES_ERROR;
				CLANG_WARN_QUOTED_INCLUDE_IN_FRAMEWORK_HEADER = YES;
				CLANG_WARN_RANGE_LOOP_ANALYSIS = YES;
				CLANG_WARN_STRICT_PROTOTYPES = YES;
				CLANG_WARN_SUSPICIOUS_MOVE = YES;
				CLANG_WARN_UNGUARDED_AVAILABILITY = YES_AGGRESSIVE;
				CLANG_WARN_UNREACHABLE_CODE = YES;
				CLANG_WARN__DUPLICATE_METHOD_MATCH = YES;
				COPY_PHASE_STRIP = NO;
				DEBUG_INFORMATION_FORMAT = dwarf;
				ENABLE_STRICT_OBJC_MSGSEND = YES;
				ENABLE_TESTABILITY = YES;
				GCC_C_LANGUAGE_STANDARD = gnu11;
				GCC_DYNAMIC_NO_PIC = NO;
				GCC_NO_COMMON_BLOCKS = YES;
				GCC_OPTIMIZATION_LEVEL = 0;
				GCC_PREPROCESSOR_DEFINITIONS = (
					"DEBUG=1",
					"$(inherited)",
				);
				GCC_WARN_64_TO_32_BIT_CONVERSION = YES;
				GCC_WARN_ABOUT_RETURN_TYPE = YES_ERROR;
				GCC_WARN_UNDECLARED_SELECTOR = YES;
				GCC_WARN_UNINITIALIZED_AUTOS = YES_AGGRESSIVE;
				GCC_WARN_UNUSED_FUNCTION = YES;
				GCC_WARN_UNUSED_VARIABLE = YES;
				IPHONEOS_DEPLOYMENT_TARGET = 16.2;
				MTL_ENABLE_DEBUG_INFO = INCLUDE_SOURCE;
				MTL_FAST_MATH = YES;
				ONLY_ACTIVE_ARCH = YES;
				SDKROOT = iphoneos;
				SWIFT_ACTIVE_COMPILATION_CONDITIONS = DEBUG;
				SWIFT_OPTIMIZATION_LEVEL = "-Onone";
			};
			name = Debug;
		};
		936680692958F056009D8D6E /* Release */ = {
			isa = XCBuildConfiguration;
			buildSettings = {
				ALWAYS_SEARCH_USER_PATHS = NO;
				CLANG_ANALYZER_NONNULL = YES;
				CLANG_ANALYZER_NUMBER_OBJECT_CONVERSION = YES_AGGRESSIVE;
				CLANG_CXX_LANGUAGE_STANDARD = "gnu++20";
				CLANG_ENABLE_MODULES = YES;
				CLANG_ENABLE_OBJC_ARC = YES;
				CLANG_ENABLE_OBJC_WEAK = YES;
				CLANG_WARN_BLOCK_CAPTURE_AUTORELEASING = YES;
				CLANG_WARN_BOOL_CONVERSION = YES;
				CLANG_WARN_COMMA = YES;
				CLANG_WARN_CONSTANT_CONVERSION = YES;
				CLANG_WARN_DEPRECATED_OBJC_IMPLEMENTATIONS = YES;
				CLANG_WARN_DIRECT_OBJC_ISA_USAGE = YES_ERROR;
				CLANG_WARN_DOCUMENTATION_COMMENTS = YES;
				CLANG_WARN_EMPTY_BODY = YES;
				CLANG_WARN_ENUM_CONVERSION = YES;
				CLANG_WARN_INFINITE_RECURSION = YES;
				CLANG_WARN_INT_CONVERSION = YES;
				CLANG_WARN_NON_LITERAL_NULL_CONVERSION = YES;
				CLANG_WARN_OBJC_IMPLICIT_RETAIN_SELF = YES;
				CLANG_WARN_OBJC_LITERAL_CONVERSION = YES;
				CLANG_WARN_OBJC_ROOT_CLASS = YES_ERROR;
				CLANG_WARN_QUOTED_INCLUDE_IN_FRAMEWORK_HEADER = YES;
				CLANG_WARN_RANGE_LOOP_ANALYSIS = YES;
				CLANG_WARN_STRICT_PROTOTYPES = YES;
				CLANG_WARN_SUSPICIOUS_MOVE = YES;
				CLANG_WARN_UNGUARDED_AVAILABILITY = YES_AGGRESSIVE;
				CLANG_WARN_UNREACHABLE_CODE = YES;
				CLANG_WARN__DUPLICATE_METHOD_MATCH = YES;
				COPY_PHASE_STRIP = NO;
				DEBUG_INFORMATION_FORMAT = "dwarf-with-dsym";
				ENABLE_NS_ASSERTIONS = NO;
				ENABLE_STRICT_OBJC_MSGSEND = YES;
				GCC_C_LANGUAGE_STANDARD = gnu11;
				GCC_NO_COMMON_BLOCKS = YES;
				GCC_WARN_64_TO_32_BIT_CONVERSION = YES;
				GCC_WARN_ABOUT_RETURN_TYPE = YES_ERROR;
				GCC_WARN_UNDECLARED_SELECTOR = YES;
				GCC_WARN_UNINITIALIZED_AUTOS = YES_AGGRESSIVE;
				GCC_WARN_UNUSED_FUNCTION = YES;
				GCC_WARN_UNUSED_VARIABLE = YES;
				IPHONEOS_DEPLOYMENT_TARGET = 16.2;
				MTL_ENABLE_DEBUG_INFO = NO;
				MTL_FAST_MATH = YES;
				SDKROOT = iphoneos;
				SWIFT_COMPILATION_MODE = wholemodule;
				SWIFT_OPTIMIZATION_LEVEL = "-O";
				VALIDATE_PRODUCT = YES;
			};
			name = Release;
		};
		9366806B2958F056009D8D6E /* Debug */ = {
			isa = XCBuildConfiguration;
			buildSettings = {
				ASSETCATALOG_COMPILER_APPICON_NAME = AppIcon;
				ASSETCATALOG_COMPILER_GLOBAL_ACCENT_COLOR_NAME = AccentColor;
				CODE_SIGN_STYLE = Automatic;
				CURRENT_PROJECT_VERSION = 1;
				DEVELOPMENT_TEAM = KHJXUHA973;
				GENERATE_INFOPLIST_FILE = YES;
				INFOPLIST_FILE = PruebaTecnicaBancoppel/Info.plist;
				INFOPLIST_KEY_UIApplicationSupportsIndirectInputEvents = YES;
				INFOPLIST_KEY_UILaunchStoryboardName = LaunchScreen;
				INFOPLIST_KEY_UISupportedInterfaceOrientations_iPad = "UIInterfaceOrientationPortrait UIInterfaceOrientationPortraitUpsideDown UIInterfaceOrientationLandscapeLeft UIInterfaceOrientationLandscapeRight";
				INFOPLIST_KEY_UISupportedInterfaceOrientations_iPhone = "UIInterfaceOrientationPortrait UIInterfaceOrientationLandscapeLeft UIInterfaceOrientationLandscapeRight";
				LD_RUNPATH_SEARCH_PATHS = (
					"$(inherited)",
					"@executable_path/Frameworks",
				);
				MARKETING_VERSION = 1.0;
				PRODUCT_BUNDLE_IDENTIFIER = com.tgluisangel.PruebaTecnicaBancoppel;
				PRODUCT_NAME = "$(TARGET_NAME)";
				SWIFT_EMIT_LOC_STRINGS = YES;
				SWIFT_VERSION = 5.0;
				TARGETED_DEVICE_FAMILY = "1,2";
			};
			name = Debug;
		};
		9366806C2958F056009D8D6E /* Release */ = {
			isa = XCBuildConfiguration;
			buildSettings = {
				ASSETCATALOG_COMPILER_APPICON_NAME = AppIcon;
				ASSETCATALOG_COMPILER_GLOBAL_ACCENT_COLOR_NAME = AccentColor;
				CODE_SIGN_STYLE = Automatic;
				CURRENT_PROJECT_VERSION = 1;
				DEVELOPMENT_TEAM = KHJXUHA973;
				GENERATE_INFOPLIST_FILE = YES;
				INFOPLIST_FILE = PruebaTecnicaBancoppel/Info.plist;
				INFOPLIST_KEY_UIApplicationSupportsIndirectInputEvents = YES;
				INFOPLIST_KEY_UILaunchStoryboardName = LaunchScreen;
				INFOPLIST_KEY_UISupportedInterfaceOrientations_iPad = "UIInterfaceOrientationPortrait UIInterfaceOrientationPortraitUpsideDown UIInterfaceOrientationLandscapeLeft UIInterfaceOrientationLandscapeRight";
				INFOPLIST_KEY_UISupportedInterfaceOrientations_iPhone = "UIInterfaceOrientationPortrait UIInterfaceOrientationLandscapeLeft UIInterfaceOrientationLandscapeRight";
				LD_RUNPATH_SEARCH_PATHS = (
					"$(inherited)",
					"@executable_path/Frameworks",
				);
				MARKETING_VERSION = 1.0;
				PRODUCT_BUNDLE_IDENTIFIER = com.tgluisangel.PruebaTecnicaBancoppel;
				PRODUCT_NAME = "$(TARGET_NAME)";
				SWIFT_EMIT_LOC_STRINGS = YES;
				SWIFT_VERSION = 5.0;
				TARGETED_DEVICE_FAMILY = "1,2";
			};
			name = Release;
		};
/* End XCBuildConfiguration section */

/* Begin XCConfigurationList section */
		936680512958F054009D8D6E /* Build configuration list for PBXProject "PruebaTecnicaBancoppel" */ = {
			isa = XCConfigurationList;
			buildConfigurations = (
				936680682958F056009D8D6E /* Debug */,
				936680692958F056009D8D6E /* Release */,
			);
			defaultConfigurationIsVisible = 0;
			defaultConfigurationName = Release;
		};
		9366806A2958F056009D8D6E /* Build configuration list for PBXNativeTarget "PruebaTecnicaBancoppel" */ = {
			isa = XCConfigurationList;
			buildConfigurations = (
				9366806B2958F056009D8D6E /* Debug */,
				9366806C2958F056009D8D6E /* Release */,
			);
			defaultConfigurationIsVisible = 0;
			defaultConfigurationName = Release;
		};
/* End XCConfigurationList section */

/* Begin XCRemoteSwiftPackageReference section */
		93668081295E0054009D8D6E /* XCRemoteSwiftPackageReference "SDWebImage" */ = {
			isa = XCRemoteSwiftPackageReference;
			repositoryURL = "https://github.com/SDWebImage/SDWebImage.git";
			requirement = {
				kind = upToNextMajorVersion;
				minimumVersion = 5.0.0;
			};
		};
/* End XCRemoteSwiftPackageReference section */

/* Begin XCSwiftPackageProductDependency section */
		93668082295E0054009D8D6E /* SDWebImage */ = {
			isa = XCSwiftPackageProductDependency;
			package = 93668081295E0054009D8D6E /* XCRemoteSwiftPackageReference "SDWebImage" */;
			productName = SDWebImage;
		};
/* End XCSwiftPackageProductDependency section */
	};
	rootObject = 9366804E2958F054009D8D6E /* Project object */;
}
